
Microsoft Visual Studio Solution File, Format Version 12.00
# Visual Studio Version 16
VisualStudioVersion = 16.0.30011.22
MinimumVisualStudioVersion = 10.0.40219.1
Project("{9A19103F-16F7-4668-BE54-9A1E7A4F7556}") = "ClashRoyale", "ClashRoyale\ClashRoyale.csproj", "{C4D48504-8AD4-45D2-BF02-B6BD7483196E}"
EndProject
Project("{9A19103F-16F7-4668-BE54-9A1E7A4F7556}") = "ClashRoyaleApiQuery", "ClashRoyaleApiQuery\ClashRoyaleApiQuery.csproj", "{21A0E69E-E25B-4774-BC7A-BC2B4B922932}"
EndProject
Project("{FAE04EC0-301F-11D3-BF4B-00C04F79EFBC}") = "ClashRoyaleDataModel", "ClashRoyaleDataModel\ClashRoyaleDataModel.csproj", "{DE6FE9F4-EED5-4C5B-8527-80D7D301950C}"
EndProject
Global
	GlobalSection(SolutionConfigurationPlatforms) = preSolution
		Debug|Any CPU = Debug|Any CPU
		Release|Any CPU = Release|Any CPU
	EndGlobalSection
	GlobalSection(ProjectConfigurationPlatforms) = postSolution
		{C4D48504-8AD4-45D2-BF02-B6BD7483196E}.Debug|Any CPU.ActiveCfg = Debug|Any CPU
		{C4D48504-8AD4-45D2-BF02-B6BD7483196E}.Debug|Any CPU.Build.0 = Debug|Any CPU
		{C4D48504-8AD4-45D2-BF02-B6BD7483196E}.Release|Any CPU.ActiveCfg = Release|Any CPU
		{C4D48504-8AD4-45D2-BF02-B6BD7483196E}.Release|Any CPU.Build.0 = Release|Any CPU
		{21A0E69E-E25B-4774-BC7A-BC2B4B922932}.Debug|Any CPU.ActiveCfg = Debug|Any CPU
		{21A0E69E-E25B-4774-BC7A-BC2B4B922932}.Debug|Any CPU.Build.0 = Debug|Any CPU
		{21A0E69E-E25B-4774-BC7A-BC2B4B922932}.Release|Any CPU.ActiveCfg = Release|Any CPU
		{21A0E69E-E25B-4774-BC7A-BC2B4B922932}.Release|Any CPU.Build.0 = Release|Any CPU
		{DE6FE9F4-EED5-4C5B-8527-80D7D301950C}.Debug|Any CPU.ActiveCfg = Debug|Any CPU
		{DE6FE9F4-EED5-4C5B-8527-80D7D301950C}.Debug|Any CPU.Build.0 = Debug|Any CPU
		{DE6FE9F4-EED5-4C5B-8527-80D7D301950C}.Release|Any CPU.ActiveCfg = Release|Any CPU
		{DE6FE9F4-EED5-4C5B-8527-80D7D301950C}.Release|Any CPU.Build.0 = Release|Any CPU
	EndGlobalSection
	GlobalSection(SolutionProperties) = preSolution
		HideSolutionNode = FALSE
	EndGlobalSection
	GlobalSection(ExtensibilityGlobals) = postSolution
		SolutionGuid = {120282F8-DCF2-41BA-8E4F-D8A204182122}
	EndGlobalSection
EndGlobal
